{
    "_readme": [
        "This file locks the dependencies of your project to a known state",
        "Read more about it at https://getcomposer.org/doc/01-basic-usage.md#installing-dependencies",
        "This file is @generated automatically"
    ],
    "content-hash": "0f00b1fa3cff3c3570ca0da2982fca28",
    "packages": [
        {
            "name": "nikic/php-parser",
            "version": "v4.15.4",
            "source": {
                "type": "git",
                "url": "https://github.com/nikic/PHP-Parser.git",
                "reference": "6bb5176bc4af8bcb7d926f88718db9b96a2d4290"
            },
            "dist": {
                "type": "zip",
                "url": "https://api.github.com/repos/nikic/PHP-Parser/zipball/6bb5176bc4af8bcb7d926f88718db9b96a2d4290",
                "reference": "6bb5176bc4af8bcb7d926f88718db9b96a2d4290",
                "shasum": ""
            },
            "require": {
                "ext-tokenizer": "*",
                "php": ">=7.0"
            },
            "require-dev": {
                "ircmaxell/php-yacc": "^0.0.7",
                "phpunit/phpunit": "^6.5 || ^7.0 || ^8.0 || ^9.0"
            },
            "bin": [
                "bin/php-parse"
            ],
            "type": "library",
            "extra": {
                "branch-alias": {
                    "dev-master": "4.9-dev"
                }
            },
            "autoload": {
                "psr-4": {
                    "PhpParser\\": "lib/PhpParser"
                }
            },
            "notification-url": "https://packagist.org/downloads/",
            "license": [
                "BSD-3-Clause"
            ],
            "authors": [
                {
                    "name": "Nikita Popov"
                }
            ],
            "description": "A PHP parser written in PHP",
            "keywords": [
                "parser",
                "php"
            ],
            "support": {
                "issues": "https://github.com/nikic/PHP-Parser/issues",
                "source": "https://github.com/nikic/PHP-Parser/tree/v4.15.4"
            },
            "time": "2023-03-05T19:49:14+00:00"
        },
        {
            "name": "phpunit/php-timer",
            "version": "2.1.3",
            "source": {
                "type": "git",
                "url": "https://github.com/sebastianbergmann/php-timer.git",
                "reference": "2454ae1765516d20c4ffe103d85a58a9a3bd5662"
            },
            "dist": {
                "type": "zip",
                "url": "https://api.github.com/repos/sebastianbergmann/php-timer/zipball/2454ae1765516d20c4ffe103d85a58a9a3bd5662",
                "reference": "2454ae1765516d20c4ffe103d85a58a9a3bd5662",
                "shasum": ""
            },
            "require": {
                "php": ">=7.1"
            },
            "require-dev": {
                "phpunit/phpunit": "^8.5"
            },
            "type": "library",
            "extra": {
                "branch-alias": {
                    "dev-master": "2.1-dev"
                }
            },
            "autoload": {
                "classmap": [
                    "src/"
                ]
            },
            "notification-url": "https://packagist.org/downloads/",
            "license": [
                "BSD-3-Clause"
            ],
            "authors": [
                {
                    "name": "Sebastian Bergmann",
                    "email": "sebastian@phpunit.de",
                    "role": "lead"
                }
            ],
            "description": "Utility class for timing",
            "homepage": "https://github.com/sebastianbergmann/php-timer/",
            "keywords": [
                "timer"
            ],
            "support": {
                "issues": "https://github.com/sebastianbergmann/php-timer/issues",
                "source": "https://github.com/sebastianbergmann/php-timer/tree/2.1.3"
            },
            "funding": [
                {
                    "url": "https://github.com/sebastianbergmann",
                    "type": "github"
                }
            ],
            "time": "2020-11-30T08:20:02+00:00"
        },
        {
            "name": "theseer/directoryscanner",
            "version": "1.3.3",
            "source": {
                "type": "git",
                "url": "https://github.com/theseer/DirectoryScanner.git",
                "reference": "4cdce31c1b5120779a01225b5b0968f9321342d6"
            },
            "dist": {
                "type": "zip",
                "url": "https://api.github.com/repos/theseer/DirectoryScanner/zipball/4cdce31c1b5120779a01225b5b0968f9321342d6",
                "reference": "4cdce31c1b5120779a01225b5b0968f9321342d6",
                "shasum": ""
            },
            "require": {
                "php": ">=5.3.1"
            },
            "type": "library",
            "extra": {
                "branch-alias": {
                    "dev-master": "1.0.x-dev"
                }
            },
            "autoload": {
                "classmap": [
                    "src/"
                ]
            },
            "notification-url": "https://packagist.org/downloads/",
            "license": [
                "BSD-2-Clause"
            ],
            "authors": [
                {
                    "name": "Arne Blankerts",
                    "email": "arne@blankerts.de",
                    "role": "Developer"
                }
            ],
            "description": "A recursive directory scanner and filter",
            "support": {
                "issues": "https://github.com/theseer/DirectoryScanner/issues",
                "source": "https://github.com/theseer/DirectoryScanner/tree/1.3.3"
            },
            "time": "2021-07-24T18:41:34+00:00"
        },
        {
            "name": "theseer/fdomdocument",
            "version": "dev-BH-15288",
            "source": {
                "type": "git",
                "url": "git@github.com:LTD-Beget/fDOMDocument.git",
                "reference": "330c3794f8be8f718b03619bc064ce1c437ea1ed"
            },
            "require": {
                "ext-dom": "*",
                "lib-libxml": "*",
                "php": "^8.0.0"
            },
            "require-dev": {
                "php": ">=8.2"
            },
            "type": "library",
            "autoload": {
                "classmap": [
                    "src/"
                ]
            },
            "license": [
                "BSD-3-Clause"
            ],
            "authors": [
                {
                    "name": "Arne Blankerts",
                    "email": "arne@blankerts.de",
                    "role": "lead"
                }
            ],
            "description": "The classes contained within this repository extend the standard DOM to use exceptions at all occasions of errors instead of PHP warnings or notices. They also add various custom methods and shortcuts for convenience and to simplify the usage of DOM.",
            "homepage": "https://github.com/theseer/fDOMDocument",
            "support": {
                "issues": "https://github.com/theseer/fDOMDocument/issues"
            },
            "time": "2023-03-28T15:37:27+00:00"
        }
    ],
    "packages-dev": [],
    "aliases": [],
    "minimum-stability": "dev",
    "stability-flags": {
        "theseer/fdomdocument": 20
    },
    "prefer-stable": true,
    "prefer-lowest": false,
    "platform": {
        "php": ">=7.1",
        "ext-tokenizer": "*",
        "ext-dom": "*",
        "ext-xsl": "*",
        "ext-iconv": "*",
        "ext-fileinfo": "*",
        "ext-mbstring": "*"
    },
    "platform-dev": [],
    "plugin-api-version": "2.3.0"
}
